
Microsoft Visual Studio Solution File, Format Version 12.00
# Visual Studio Version 17
VisualStudioVersion = 17.10.34928.147
MinimumVisualStudioVersion = 10.0.40219.1
Project("{FAE04EC0-301F-11D3-BF4B-00C04F79EFBC}") = "Krasnyanskaya221327_Lab04_Sem5_Ver1", "Krasnyanskaya221327_Lab04_Sem5_Ver1.csproj", "{0543A7E9-1A45-46CB-AD54-D9BE3E079DF5}"
EndProject
Global
	GlobalSection(SolutionConfigurationPlatforms) = preSolution
		Debug|Any CPU = Debug|Any CPU
		Release|Any CPU = Release|Any CPU
	EndGlobalSection
	GlobalSection(ProjectConfigurationPlatforms) = postSolution
		{0543A7E9-1A45-46CB-AD54-D9BE3E079DF5}.Debug|Any CPU.ActiveCfg = Debug|Any CPU
		{0543A7E9-1A45-46CB-AD54-D9BE3E079DF5}.Debug|Any CPU.Build.0 = Debug|Any CPU
		{0543A7E9-1A45-46CB-AD54-D9BE3E079DF5}.Release|Any CPU.ActiveCfg = Release|Any CPU
		{0543A7E9-1A45-46CB-AD54-D9BE3E079DF5}.Release|Any CPU.Build.0 = Release|Any CPU
	EndGlobalSection
	GlobalSection(SolutionProperties) = preSolution
		HideSolutionNode = FALSE
	EndGlobalSection
	GlobalSection(ExtensibilityGlobals) = postSolution
		SolutionGuid = {D813C2EF-39B8-42B1-B67A-15664A20BDF2}
	EndGlobalSection
EndGlobal
